lockfileVersion: 5.4

specifiers:
  mobx: ^6.6.1
  paho-mqtt: ^1.1.0
  uid: ^2.0.0

dependencies:
  mobx: 6.6.1
  paho-mqtt: 1.1.0
  uid: 2.0.0

packages:

  /@lukeed/csprng/1.0.1:
    resolution: {integrity: sha512-uSvJdwQU5nK+Vdf6zxcWAY2A8r7uqe+gePwLWzJ+fsQehq18pc0I2hJKwypZ2aLM90+Er9u1xn4iLJPZ+xlL4g==}
    engines: {node: '>=8'}
    dev: false

  /mobx/6.6.1:
    resolution: {integrity: sha512-7su3UZv5JF+ohLr2opabjbUAERfXstMY+wiBtey8yNAPoB8H187RaQXuhFjNkH8aE4iHbDWnhDFZw0+5ic4nGQ==}
    dev: false

  /paho-mqtt/1.1.0:
    resolution: {integrity: sha512-KPbL9KAB0ASvhSDbOrZBaccXS+/s7/LIofbPyERww8hM5Ko71GUJQ6Nmg0BWqj8phAIT8zdf/Sd/RftHU9i2HA==}
    dev: false

  /uid/2.0.0:
    resolution: {integrity: sha512-hFw+zKBA1szYdbZWj6FjTxZzJnKNf+wTDcsxlJaXS64MCy9LQEmJUVieGYHCKek/WRyFIcs0cEXtGIQmfvHe2A==}
    engines: {node: '>=8'}
    dependencies:
      '@lukeed/csprng': 1.0.1
    dev: false
